
Microsoft Visual Studio Solution File, Format Version 11.00
# Visual Studio 2010
Project("{FAE04EC0-301F-11D3-BF4B-00C04F79EFBC}") = "Artem.GoogleMap", "Artem.GoogleMap\Artem.GoogleMap.csproj", "{0660EA3D-B58B-4858-9822-9A6459A4001C}"
EndProject
Project("{FAE04EC0-301F-11D3-BF4B-00C04F79EFBC}") = "Artem.GoogleMap.Extensions", "Artem.GoogleMap.Extensions\Artem.GoogleMap.Extensions.csproj", "{DBB064F3-8093-4DAC-AF5E-74AE7F2931B9}"
EndProject
Project("{FAE04EC0-301F-11D3-BF4B-00C04F79EFBC}") = "Artem.GoogleGeocoding", "Artem.GoogleGeocoding\Artem.GoogleGeocoding.csproj", "{1F0D1656-CF0D-4704-91D4-90A39E91B908}"
EndProject
Project("{FAE04EC0-301F-11D3-BF4B-00C04F79EFBC}") = "Artem.GoogleGeocoding.Tests", "Artem.GoogleGeocoding.Tests\Artem.GoogleGeocoding.Tests.csproj", "{BE6699E0-260C-49E3-9959-6246D40DBFBE}"
EndProject
Project("{E24C65DC-7377-472B-9ABA-BC803B73C61A}") = "SampleWebSite", "SampleWebSite", "{F64D22ED-71BF-42DA-810D-010462E4B23F}"
	ProjectSection(WebsiteProperties) = preProject
		SccProjectName = "SAK"
		SccAuxPath = "SAK"
		SccLocalPath = "SAK"
		SccProvider = "SAK"
		TargetFrameworkMoniker = ".NETFramework,Version%3Dv4.0"
		Debug.AspNetCompiler.VirtualPath = "/SampleWebSite"
		Debug.AspNetCompiler.PhysicalPath = "SampleWebSite\"
		Debug.AspNetCompiler.TargetPath = "PrecompiledWeb\SampleWebSite\"
		Debug.AspNetCompiler.Updateable = "true"
		Debug.AspNetCompiler.ForceOverwrite = "true"
		Debug.AspNetCompiler.FixedNames = "false"
		Debug.AspNetCompiler.Debug = "True"
		Release.AspNetCompiler.VirtualPath = "/SampleWebSite"
		Release.AspNetCompiler.PhysicalPath = "SampleWebSite\"
		Release.AspNetCompiler.TargetPath = "PrecompiledWeb\SampleWebSite\"
		Release.AspNetCompiler.Updateable = "true"
		Release.AspNetCompiler.ForceOverwrite = "true"
		Release.AspNetCompiler.FixedNames = "false"
		Release.AspNetCompiler.Debug = "False"
		VWDPort = "82"
		VWDDynamicPort = "false"
		VWDVirtualPath = "/"
		StartServerOnDebug = "false"
	EndProjectSection
EndProject
Project("{FAE04EC0-301F-11D3-BF4B-00C04F79EFBC}") = "Artem.GoogleMap.WebSite", "Artem.GoogleMap.WebSite\Artem.GoogleMap.WebSite.csproj", "{50B779EA-EC00-4699-84C0-03B395C365D2}"
EndProject
Project("{E24C65DC-7377-472B-9ABA-BC803B73C61A}") = "WebSite1", "..\..\..\..\WebSites\WebSite1", "{C632D696-50EF-4B0F-817F-69D27655EFA9}"
	ProjectSection(WebsiteProperties) = preProject
		TargetFrameworkMoniker = ".NETFramework,Version%3Dv4.0"
		Debug.AspNetCompiler.VirtualPath = "/WebSite1"
		Debug.AspNetCompiler.PhysicalPath = "..\..\..\..\WebSites\WebSite1\"
		Debug.AspNetCompiler.TargetPath = "PrecompiledWeb\WebSite1\"
		Debug.AspNetCompiler.Updateable = "true"
		Debug.AspNetCompiler.ForceOverwrite = "true"
		Debug.AspNetCompiler.FixedNames = "false"
		Debug.AspNetCompiler.Debug = "True"
		Release.AspNetCompiler.VirtualPath = "/WebSite1"
		Release.AspNetCompiler.PhysicalPath = "..\..\..\..\WebSites\WebSite1\"
		Release.AspNetCompiler.TargetPath = "PrecompiledWeb\WebSite1\"
		Release.AspNetCompiler.Updateable = "true"
		Release.AspNetCompiler.ForceOverwrite = "true"
		Release.AspNetCompiler.FixedNames = "false"
		Release.AspNetCompiler.Debug = "False"
		VWDPort = "51854"
		DefaultWebSiteLanguage = "Visual C#"
	EndProjectSection
EndProject
Global
	GlobalSection(TeamFoundationVersionControl) = preSolution
		SccNumberOfProjects = 7
		SccEnterpriseProvider = {4CA58AB2-18FA-4F8D-95D4-32DDF27D184C}
		SccTeamFoundationServer = https://tfs.codeplex.com/tfs/tfs04
		SccLocalPath0 = .
		SccProjectUniqueName1 = Artem.GoogleMap\\Artem.GoogleMap.csproj
		SccProjectName1 = Artem.GoogleMap
		SccLocalPath1 = Artem.GoogleMap
		SccProjectUniqueName2 = Artem.GoogleMap.Extensions\\Artem.GoogleMap.Extensions.csproj
		SccProjectName2 = Artem.GoogleMap.Extensions
		SccLocalPath2 = Artem.GoogleMap.Extensions
		SccProjectUniqueName3 = Artem.GoogleGeocoding\\Artem.GoogleGeocoding.csproj
		SccProjectName3 = Artem.GoogleGeocoding
		SccLocalPath3 = Artem.GoogleGeocoding
		SccProjectUniqueName4 = Artem.GoogleGeocoding.Tests\\Artem.GoogleGeocoding.Tests.csproj
		SccProjectName4 = Artem.GoogleGeocoding.Tests
		SccLocalPath4 = Artem.GoogleGeocoding.Tests
		SccWebProject5 = true
		SccProjectUniqueName5 = SampleWebSite
		SccProjectName5 = SampleWebSite
		SccLocalPath5 = SampleWebSite
		SccProjectEnlistmentChoice5 = 2
		SccProjectUniqueName6 = Artem.GoogleMap.WebSite\\Artem.GoogleMap.WebSite.csproj
		SccProjectName6 = Artem.GoogleMap.WebSite
		SccLocalPath6 = Artem.GoogleMap.WebSite
	EndGlobalSection
	GlobalSection(TestCaseManagementSettings) = postSolution
		CategoryFile = ArtemGoogle.vsmdi
	EndGlobalSection
	GlobalSection(SolutionConfigurationPlatforms) = preSolution
		Debug|Any CPU = Debug|Any CPU
		Release|Any CPU = Release|Any CPU
	EndGlobalSection
	GlobalSection(ProjectConfigurationPlatforms) = postSolution
		{0660EA3D-B58B-4858-9822-9A6459A4001C}.Debug|Any CPU.ActiveCfg = Debug|Any CPU
		{0660EA3D-B58B-4858-9822-9A6459A4001C}.Debug|Any CPU.Build.0 = Debug|Any CPU
		{0660EA3D-B58B-4858-9822-9A6459A4001C}.Release|Any CPU.ActiveCfg = Release|Any CPU
		{0660EA3D-B58B-4858-9822-9A6459A4001C}.Release|Any CPU.Build.0 = Release|Any CPU
		{DBB064F3-8093-4DAC-AF5E-74AE7F2931B9}.Debug|Any CPU.ActiveCfg = Debug|Any CPU
		{DBB064F3-8093-4DAC-AF5E-74AE7F2931B9}.Debug|Any CPU.Build.0 = Debug|Any CPU
		{DBB064F3-8093-4DAC-AF5E-74AE7F2931B9}.Release|Any CPU.ActiveCfg = Release|Any CPU
		{DBB064F3-8093-4DAC-AF5E-74AE7F2931B9}.Release|Any CPU.Build.0 = Release|Any CPU
		{1F0D1656-CF0D-4704-91D4-90A39E91B908}.Debug|Any CPU.ActiveCfg = Debug|Any CPU
		{1F0D1656-CF0D-4704-91D4-90A39E91B908}.Debug|Any CPU.Build.0 = Debug|Any CPU
		{1F0D1656-CF0D-4704-91D4-90A39E91B908}.Release|Any CPU.ActiveCfg = Release|Any CPU
		{1F0D1656-CF0D-4704-91D4-90A39E91B908}.Release|Any CPU.Build.0 = Release|Any CPU
		{BE6699E0-260C-49E3-9959-6246D40DBFBE}.Debug|Any CPU.ActiveCfg = Debug|Any CPU
		{BE6699E0-260C-49E3-9959-6246D40DBFBE}.Debug|Any CPU.Build.0 = Debug|Any CPU
		{BE6699E0-260C-49E3-9959-6246D40DBFBE}.Release|Any CPU.ActiveCfg = Release|Any CPU
		{BE6699E0-260C-49E3-9959-6246D40DBFBE}.Release|Any CPU.Build.0 = Release|Any CPU
		{F64D22ED-71BF-42DA-810D-010462E4B23F}.Debug|Any CPU.ActiveCfg = Debug|Any CPU
		{F64D22ED-71BF-42DA-810D-010462E4B23F}.Debug|Any CPU.Build.0 = Debug|Any CPU
		{F64D22ED-71BF-42DA-810D-010462E4B23F}.Release|Any CPU.ActiveCfg = Debug|Any CPU
		{F64D22ED-71BF-42DA-810D-010462E4B23F}.Release|Any CPU.Build.0 = Debug|Any CPU
		{50B779EA-EC00-4699-84C0-03B395C365D2}.Debug|Any CPU.ActiveCfg = Debug|Any CPU
		{50B779EA-EC00-4699-84C0-03B395C365D2}.Debug|Any CPU.Build.0 = Debug|Any CPU
		{50B779EA-EC00-4699-84C0-03B395C365D2}.Release|Any CPU.ActiveCfg = Release|Any CPU
		{50B779EA-EC00-4699-84C0-03B395C365D2}.Release|Any CPU.Build.0 = Release|Any CPU
		{C632D696-50EF-4B0F-817F-69D27655EFA9}.Debug|Any CPU.ActiveCfg = Debug|Any CPU
		{C632D696-50EF-4B0F-817F-69D27655EFA9}.Debug|Any CPU.Build.0 = Debug|Any CPU
		{C632D696-50EF-4B0F-817F-69D27655EFA9}.Release|Any CPU.ActiveCfg = Debug|Any CPU
		{C632D696-50EF-4B0F-817F-69D27655EFA9}.Release|Any CPU.Build.0 = Debug|Any CPU
	EndGlobalSection
	GlobalSection(SolutionProperties) = preSolution
		HideSolutionNode = FALSE
	EndGlobalSection
EndGlobal
