
Microsoft Visual Studio Solution File, Format Version 12.00
# Visual Studio 2012
Project("{2150E333-8FDC-42A3-9474-1A3956D46DE8}") = "Geocoding", "Geocoding", "{60800C2B-E0AE-421F-870B-F4BC715E2FED}"
EndProject
Project("{2150E333-8FDC-42A3-9474-1A3956D46DE8}") = "Solution Items", "Solution Items", "{97B43B42-C396-4767-92EA-94111BB30286}"
	ProjectSection(SolutionItems) = preProject
		GoogleMapKey.snk = GoogleMapKey.snk
		LICENSE.txt = LICENSE.txt
	EndProjectSection
EndProject
Project("{2150E333-8FDC-42A3-9474-1A3956D46DE8}") = "NuGet", "NuGet", "{73F5863D-99FC-4D08-AF5D-615F3A1B2D59}"
EndProject
Project("{2150E333-8FDC-42A3-9474-1A3956D46DE8}") = "GoogleMap", "GoogleMap", "{3B7E2028-1D93-4A25-956A-EE454284243B}"
	ProjectSection(SolutionItems) = preProject
		NuGet\GoogleMap\build.cmd = NuGet\GoogleMap\build.cmd
	EndProjectSection
EndProject
Project("{2150E333-8FDC-42A3-9474-1A3956D46DE8}") = "src", "src", "{C2530BEC-2043-427F-B3B1-CEEA1BC408CF}"
	ProjectSection(SolutionItems) = preProject
		NuGet\GoogleMap\src\GoogleMap.nuspec = NuGet\GoogleMap\src\GoogleMap.nuspec
	EndProjectSection
EndProject
Project("{2150E333-8FDC-42A3-9474-1A3956D46DE8}") = "lib", "lib", "{7507E77A-348E-46FF-95B8-38AD7A2B507C}"
EndProject
Project("{2150E333-8FDC-42A3-9474-1A3956D46DE8}") = "content", "content", "{A430F22C-4E60-419F-82DB-AF7D7767D56C}"
	ProjectSection(SolutionItems) = preProject
		NuGet\GoogleMap\src\content\Web.config.transform = NuGet\GoogleMap\src\content\Web.config.transform
	EndProjectSection
EndProject
Project("{2150E333-8FDC-42A3-9474-1A3956D46DE8}") = "out", "out", "{A4800611-7B4B-4280-9CDF-029DDFD7453D}"
	ProjectSection(SolutionItems) = preProject
		NuGet\GoogleMap\out\GoogleMapControl.6.0.nupkg = NuGet\GoogleMap\out\GoogleMapControl.6.0.nupkg
	EndProjectSection
EndProject
Project("{FAE04EC0-301F-11D3-BF4B-00C04F79EFBC}") = "Artem.GoogleMap", "Artem.GoogleMap\Artem.GoogleMap.csproj", "{0660EA3D-B58B-4858-9822-9A6459A4001C}"
EndProject
Project("{FAE04EC0-301F-11D3-BF4B-00C04F79EFBC}") = "Artem.GoogleMap.Extensions", "Artem.GoogleMap.Extensions\Artem.GoogleMap.Extensions.csproj", "{DBB064F3-8093-4DAC-AF5E-74AE7F2931B9}"
EndProject
Project("{FAE04EC0-301F-11D3-BF4B-00C04F79EFBC}") = "Artem.GoogleGeocoding", "Geocoding\Artem.GoogleGeocoding\Artem.GoogleGeocoding.csproj", "{1F0D1656-CF0D-4704-91D4-90A39E91B908}"
EndProject
Project("{FAE04EC0-301F-11D3-BF4B-00C04F79EFBC}") = "Artem.GoogleGeocoding.Tests", "Geocoding\Artem.GoogleGeocoding.Tests\Artem.GoogleGeocoding.Tests.csproj", "{BE6699E0-260C-49E3-9959-6246D40DBFBE}"
EndProject
Project("{7CF6DF6D-3B04-46F8-A40B-537D21BCA0B4}") = "Documentation", "Documentation\Documentation.shfbproj", "{B2D2B92B-47F5-4F83-B667-99F65269DAF2}"
EndProject
Project("{E24C65DC-7377-472B-9ABA-BC803B73C61A}") = "WebSite", "WebSite\", "{AEAAA9E2-9C5E-4D44-9B2A-E2B4C1597606}"
	ProjectSection(WebsiteProperties) = preProject
		TargetFrameworkMoniker = ".NETFramework,Version%3Dv4.0"
		ProjectReferences = "{0660ea3d-b58b-4858-9822-9a6459a4001c}|Artem.Google.dll;"
		Debug.AspNetCompiler.VirtualPath = "/WebSite"
		Debug.AspNetCompiler.PhysicalPath = "WebSite\"
		Debug.AspNetCompiler.TargetPath = "PrecompiledWeb\WebSite\"
		Debug.AspNetCompiler.Updateable = "true"
		Debug.AspNetCompiler.ForceOverwrite = "true"
		Debug.AspNetCompiler.FixedNames = "false"
		Debug.AspNetCompiler.Debug = "True"
		Release.AspNetCompiler.VirtualPath = "/WebSite"
		Release.AspNetCompiler.PhysicalPath = "WebSite\"
		Release.AspNetCompiler.TargetPath = "PrecompiledWeb\WebSite\"
		Release.AspNetCompiler.Updateable = "true"
		Release.AspNetCompiler.ForceOverwrite = "true"
		Release.AspNetCompiler.FixedNames = "false"
		Release.AspNetCompiler.Debug = "False"
		VWDPort = "88"
		VWDDynamicPort = "false"
		VWDVirtualPath = "/"
	EndProjectSection
EndProject
Global
	GlobalSection(TestCaseManagementSettings) = postSolution
		CategoryFile = ArtemGoogle.vsmdi
	EndGlobalSection
	GlobalSection(SolutionConfigurationPlatforms) = preSolution
		Debug|Any CPU = Debug|Any CPU
		Release|Any CPU = Release|Any CPU
	EndGlobalSection
	GlobalSection(ProjectConfigurationPlatforms) = postSolution
		{0660EA3D-B58B-4858-9822-9A6459A4001C}.Debug|Any CPU.ActiveCfg = Debug|Any CPU
		{0660EA3D-B58B-4858-9822-9A6459A4001C}.Debug|Any CPU.Build.0 = Debug|Any CPU
		{0660EA3D-B58B-4858-9822-9A6459A4001C}.Release|Any CPU.ActiveCfg = Release|Any CPU
		{0660EA3D-B58B-4858-9822-9A6459A4001C}.Release|Any CPU.Build.0 = Release|Any CPU
		{DBB064F3-8093-4DAC-AF5E-74AE7F2931B9}.Debug|Any CPU.ActiveCfg = Debug|Any CPU
		{DBB064F3-8093-4DAC-AF5E-74AE7F2931B9}.Debug|Any CPU.Build.0 = Debug|Any CPU
		{DBB064F3-8093-4DAC-AF5E-74AE7F2931B9}.Release|Any CPU.ActiveCfg = Release|Any CPU
		{DBB064F3-8093-4DAC-AF5E-74AE7F2931B9}.Release|Any CPU.Build.0 = Release|Any CPU
		{1F0D1656-CF0D-4704-91D4-90A39E91B908}.Debug|Any CPU.ActiveCfg = Debug|Any CPU
		{1F0D1656-CF0D-4704-91D4-90A39E91B908}.Debug|Any CPU.Build.0 = Debug|Any CPU
		{1F0D1656-CF0D-4704-91D4-90A39E91B908}.Release|Any CPU.ActiveCfg = Release|Any CPU
		{1F0D1656-CF0D-4704-91D4-90A39E91B908}.Release|Any CPU.Build.0 = Release|Any CPU
		{BE6699E0-260C-49E3-9959-6246D40DBFBE}.Debug|Any CPU.ActiveCfg = Debug|Any CPU
		{BE6699E0-260C-49E3-9959-6246D40DBFBE}.Release|Any CPU.ActiveCfg = Release|Any CPU
		{B2D2B92B-47F5-4F83-B667-99F65269DAF2}.Debug|Any CPU.ActiveCfg = Debug|Any CPU
		{B2D2B92B-47F5-4F83-B667-99F65269DAF2}.Release|Any CPU.ActiveCfg = Release|Any CPU
		{AEAAA9E2-9C5E-4D44-9B2A-E2B4C1597606}.Debug|Any CPU.ActiveCfg = Debug|Any CPU
		{AEAAA9E2-9C5E-4D44-9B2A-E2B4C1597606}.Debug|Any CPU.Build.0 = Debug|Any CPU
		{AEAAA9E2-9C5E-4D44-9B2A-E2B4C1597606}.Release|Any CPU.ActiveCfg = Debug|Any CPU
		{AEAAA9E2-9C5E-4D44-9B2A-E2B4C1597606}.Release|Any CPU.Build.0 = Debug|Any CPU
	EndGlobalSection
	GlobalSection(SolutionProperties) = preSolution
		HideSolutionNode = FALSE
	EndGlobalSection
	GlobalSection(NestedProjects) = preSolution
		{1F0D1656-CF0D-4704-91D4-90A39E91B908} = {60800C2B-E0AE-421F-870B-F4BC715E2FED}
		{BE6699E0-260C-49E3-9959-6246D40DBFBE} = {60800C2B-E0AE-421F-870B-F4BC715E2FED}
		{3B7E2028-1D93-4A25-956A-EE454284243B} = {73F5863D-99FC-4D08-AF5D-615F3A1B2D59}
		{C2530BEC-2043-427F-B3B1-CEEA1BC408CF} = {3B7E2028-1D93-4A25-956A-EE454284243B}
		{A4800611-7B4B-4280-9CDF-029DDFD7453D} = {3B7E2028-1D93-4A25-956A-EE454284243B}
		{7507E77A-348E-46FF-95B8-38AD7A2B507C} = {C2530BEC-2043-427F-B3B1-CEEA1BC408CF}
		{A430F22C-4E60-419F-82DB-AF7D7767D56C} = {C2530BEC-2043-427F-B3B1-CEEA1BC408CF}
	EndGlobalSection
EndGlobal
